// !$*UTF8*$!
{
	archiveVersion = 1;
	classes = {
	};
	objectVersion = 50;
	objects = {

/* Begin PBXBuildFile section */
		9D37F6A120FDE55C00D3404C /* QR_and_PhotoCaptureViewController.swift in Sources */ = {isa = PBXBuildFile; fileRef = 9D37F6A020FDE55C00D3404C /* QR_and_PhotoCaptureViewController.swift */; };
		9D37F6A320FDEFD700D3404C /* QR_and_PhotoCaptureSession.swift in Sources */ = {isa = PBXBuildFile; fileRef = 9D37F6A220FDEFD700D3404C /* QR_and_PhotoCaptureSession.swift */; };
		9D37F6A520FE54E700D3404C /* PhotoViewController.swift in Sources */ = {isa = PBXBuildFile; fileRef = 9D37F6A420FE54E700D3404C /* PhotoViewController.swift */; };
		9DFD41EF20FC9D0D0018F121 /* AppDelegate.swift in Sources */ = {isa = PBXBuildFile; fileRef = 9DFD41EE20FC9D0D0018F121 /* AppDelegate.swift */; };
		9DFD41F120FC9D0D0018F121 /* QR_or_PhotoCaptureViewController.swift in Sources */ = {isa = PBXBuildFile; fileRef = 9DFD41F020FC9D0D0018F121 /* QR_or_PhotoCaptureViewController.swift */; };
		9DFD41F420FC9D0D0018F121 /* Main.storyboard in Resources */ = {isa = PBXBuildFile; fileRef = 9DFD41F220FC9D0D0018F121 /* Main.storyboard */; };
		9DFD41F620FC9D0E0018F121 /* Assets.xcassets in Resources */ = {isa = PBXBuildFile; fileRef = 9DFD41F520FC9D0E0018F121 /* Assets.xcassets */; };
		9DFD41F920FC9D0E0018F121 /* LaunchScreen.storyboard in Resources */ = {isa = PBXBuildFile; fileRef = 9DFD41F720FC9D0E0018F121 /* LaunchScreen.storyboard */; };
		9DFD420120FC9E900018F121 /* QRCaptureSession.swift in Sources */ = {isa = PBXBuildFile; fileRef = 9DFD420020FC9E900018F121 /* QRCaptureSession.swift */; };
		9DFD420320FCA4EC0018F121 /* PhotoCaptureSession.swift in Sources */ = {isa = PBXBuildFile; fileRef = 9DFD420220FCA4EC0018F121 /* PhotoCaptureSession.swift */; };
/* End PBXBuildFile section */

/* Begin PBXFileReference section */
		9D37F6A020FDE55C00D3404C /* QR_and_PhotoCaptureViewController.swift */ = {isa = PBXFileReference; fileEncoding = 4; lastKnownFileType = sourcecode.swift; path = QR_and_PhotoCaptureViewController.swift; sourceTree = "<group>"; };
		9D37F6A220FDEFD700D3404C /* QR_and_PhotoCaptureSession.swift */ = {isa = PBXFileReference; fileEncoding = 4; lastKnownFileType = sourcecode.swift; path = QR_and_PhotoCaptureSession.swift; sourceTree = "<group>"; };
		9D37F6A420FE54E700D3404C /* PhotoViewController.swift */ = {isa = PBXFileReference; lastKnownFileType = sourcecode.swift; path = PhotoViewController.swift; sourceTree = "<group>"; };
		9DFD41EB20FC9D0D0018F121 /* try_capture_sessions.app */ = {isa = PBXFileReference; explicitFileType = wrapper.application; includeInIndex = 0; path = try_capture_sessions.app; sourceTree = BUILT_PRODUCTS_DIR; };
		9DFD41EE20FC9D0D0018F121 /* AppDelegate.swift */ = {isa = PBXFileReference; lastKnownFileType = sourcecode.swift; path = AppDelegate.swift; sourceTree = "<group>"; };
		9DFD41F020FC9D0D0018F121 /* QR_or_PhotoCaptureViewController.swift */ = {isa = PBXFileReference; lastKnownFileType = sourcecode.swift; path = QR_or_PhotoCaptureViewController.swift; sourceTree = "<group>"; };
		9DFD41F320FC9D0D0018F121 /* Base */ = {isa = PBXFileReference; lastKnownFileType = file.storyboard; name = Base; path = Base.lproj/Main.storyboard; sourceTree = "<group>"; };
		9DFD41F520FC9D0E0018F121 /* Assets.xcassets */ = {isa = PBXFileReference; lastKnownFileType = folder.assetcatalog; path = Assets.xcassets; sourceTree = "<group>"; };
		9DFD41F820FC9D0E0018F121 /* Base */ = {isa = PBXFileReference; lastKnownFileType = file.storyboard; name = Base; path = Base.lproj/LaunchScreen.storyboard; sourceTree = "<group>"; };
		9DFD41FA20FC9D0E0018F121 /* Info.plist */ = {isa = PBXFileReference; lastKnownFileType = text.plist.xml; path = Info.plist; sourceTree = "<group>"; };
		9DFD420020FC9E900018F121 /* QRCaptureSession.swift */ = {isa = PBXFileReference; fileEncoding = 4; lastKnownFileType = sourcecode.swift; path = QRCaptureSession.swift; sourceTree = "<group>"; };
		9DFD420220FCA4EC0018F121 /* PhotoCaptureSession.swift */ = {isa = PBXFileReference; lastKnownFileType = sourcecode.swift; path = PhotoCaptureSession.swift; sourceTree = "<group>"; };
/* End PBXFileReference section */

/* Begin PBXFrameworksBuildPhase section */
		9DFD41E820FC9D0D0018F121 /* Frameworks */ = {
			isa = PBXFrameworksBuildPhase;
			buildActionMask = 2147483647;
			files = (
			);
			runOnlyForDeploymentPostprocessing = 0;
		};
/* End PBXFrameworksBuildPhase section */

/* Begin PBXGroup section */
		9DFD41E220FC9D0D0018F121 = {
			isa = PBXGroup;
			children = (
				9DFD41ED20FC9D0D0018F121 /* try_capture_sessions */,
				9DFD41EC20FC9D0D0018F121 /* Products */,
			);
			sourceTree = "<group>";
		};
		9DFD41EC20FC9D0D0018F121 /* Products */ = {
			isa = PBXGroup;
			children = (
				9DFD41EB20FC9D0D0018F121 /* try_capture_sessions.app */,
			);
			name = Products;
			sourceTree = "<group>";
		};
		9DFD41ED20FC9D0D0018F121 /* try_capture_sessions */ = {
			isa = PBXGroup;
			children = (
				9DFD41EE20FC9D0D0018F121 /* AppDelegate.swift */,
				9DFD41F020FC9D0D0018F121 /* QR_or_PhotoCaptureViewController.swift */,
				9DFD420020FC9E900018F121 /* QRCaptureSession.swift */,
				9DFD420220FCA4EC0018F121 /* PhotoCaptureSession.swift */,
				9D37F6A020FDE55C00D3404C /* QR_and_PhotoCaptureViewController.swift */,
				9D37F6A220FDEFD700D3404C /* QR_and_PhotoCaptureSession.swift */,
				9D37F6A420FE54E700D3404C /* PhotoViewController.swift */,
				9DFD41F520FC9D0E0018F121 /* Assets.xcassets */,
				9DFD41F220FC9D0D0018F121 /* Main.storyboard */,
				9DFD41F720FC9D0E0018F121 /* LaunchScreen.storyboard */,
				9DFD41FA20FC9D0E0018F121 /* Info.plist */,
			);
			path = try_capture_sessions;
			sourceTree = "<group>";
		};
/* End PBXGroup section */

/* Begin PBXNativeTarget section */
		9DFD41EA20FC9D0D0018F121 /* try_capture_sessions */ = {
			isa = PBXNativeTarget;
			buildConfigurationList = 9DFD41FD20FC9D0E0018F121 /* Build configuration list for PBXNativeTarget "try_capture_sessions" */;
			buildPhases = (
				9DFD41E720FC9D0D0018F121 /* Sources */,
				9DFD41E820FC9D0D0018F121 /* Frameworks */,
				9DFD41E920FC9D0D0018F121 /* Resources */,
			);
			buildRules = (
			);
			dependencies = (
			);
			name = try_capture_sessions;
			productName = try_capture_sessions;
			productReference = 9DFD41EB20FC9D0D0018F121 /* try_capture_sessions.app */;
			productType = "com.apple.product-type.application";
		};
/* End PBXNativeTarget section */

/* Begin PBXProject section */
		9DFD41E320FC9D0D0018F121 /* Project object */ = {
			isa = PBXProject;
			attributes = {
				LastSwiftUpdateCheck = 0940;
				LastUpgradeCheck = 0940;
				ORGANIZATIONNAME = "Rudolf Farkas";
				TargetAttributes = {
					9DFD41EA20FC9D0D0018F121 = {
						CreatedOnToolsVersion = 9.4.1;
					};
				};
			};
			buildConfigurationList = 9DFD41E620FC9D0D0018F121 /* Build configuration list for PBXProject "try_capture_sessions" */;
			compatibilityVersion = "Xcode 9.3";
			developmentRegion = en;
			hasScannedForEncodings = 0;
			knownRegions = (
				en,
				Base,
			);
			mainGroup = 9DFD41E220FC9D0D0018F121;
			productRefGroup = 9DFD41EC20FC9D0D0018F121 /* Products */;
			projectDirPath = "";
			projectRoot = "";
			targets = (
				9DFD41EA20FC9D0D0018F121 /* try_capture_sessions */,
			);
		};
/* End PBXProject section */

/* Begin PBXResourcesBuildPhase section */
		9DFD41E920FC9D0D0018F121 /* Resources */ = {
			isa = PBXResourcesBuildPhase;
			buildActionMask = 2147483647;
			files = (
				9DFD41F920FC9D0E0018F121 /* LaunchScreen.storyboard in Resources */,
				9DFD41F620FC9D0E0018F121 /* Assets.xcassets in Resources */,
				9DFD41F420FC9D0D0018F121 /* Main.storyboard in Resources */,
			);
			runOnlyForDeploymentPostprocessing = 0;
		};
/* End PBXResourcesBuildPhase section */

/* Begin PBXSourcesBuildPhase section */
		9DFD41E720FC9D0D0018F121 /* Sources */ = {
			isa = PBXSourcesBuildPhase;
			buildActionMask = 2147483647;
			files = (
				9D37F6A120FDE55C00D3404C /* QR_and_PhotoCaptureViewController.swift in Sources */,
				9DFD420120FC9E900018F121 /* QRCaptureSession.swift in Sources */,
				9DFD41F120FC9D0D0018F121 /* QR_or_PhotoCaptureViewController.swift in Sources */,
				9D37F6A320FDEFD700D3404C /* QR_and_PhotoCaptureSession.swift in Sources */,
				9D37F6A520FE54E700D3404C /* PhotoViewController.swift in Sources */,
				9DFD420320FCA4EC0018F121 /* PhotoCaptureSession.swift in Sources */,
				9DFD41EF20FC9D0D0018F121 /* AppDelegate.swift in Sources */,
			);
			runOnlyForDeploymentPostprocessing = 0;
		};
/* End PBXSourcesBuildPhase section */

/* Begin PBXVariantGroup section */
		9DFD41F220FC9D0D0018F121 /* Main.storyboard */ = {
			isa = PBXVariantGroup;
			children = (
				9DFD41F320FC9D0D0018F121 /* Base */,
			);
			name = Main.storyboard;
			sourceTree = "<group>";
		};
		9DFD41F720FC9D0E0018F121 /* LaunchScreen.storyboard */ = {
			isa = PBXVariantGroup;
			children = (
				9DFD41F820FC9D0E0018F121 /* Base */,
			);
			name = LaunchScreen.storyboard;
			sourceTree = "<group>";
		};
/* End PBXVariantGroup section */

/* Begin XCBuildConfiguration section */
		9DFD41FB20FC9D0E0018F121 /* Debug */ = {
			isa = XCBuildConfiguration;
			buildSettings = {
				ALWAYS_SEARCH_USER_PATHS = NO;
				CLANG_ANALYZER_NONNULL = YES;
				CLANG_ANALYZER_NUMBER_OBJECT_CONVERSION = YES_AGGRESSIVE;
				CLANG_CXX_LANGUAGE_STANDARD = "gnu++14";
				CLANG_CXX_LIBRARY = "libc++";
				CLANG_ENABLE_MODULES = YES;
				CLANG_ENABLE_OBJC_ARC = YES;
				CLANG_ENABLE_OBJC_WEAK = YES;
				CLANG_WARN_BLOCK_CAPTURE_AUTORELEASING = YES;
				CLANG_WARN_BOOL_CONVERSION = YES;
				CLANG_WARN_COMMA = YES;
				CLANG_WARN_CONSTANT_CONVERSION = YES;
				CLANG_WARN_DEPRECATED_OBJC_IMPLEMENTATIONS = YES;
				CLANG_WARN_DIRECT_OBJC_ISA_USAGE = YES_ERROR;
				CLANG_WARN_DOCUMENTATION_COMMENTS = YES;
				CLANG_WARN_EMPTY_BODY = YES;
				CLANG_WARN_ENUM_CONVERSION = YES;
				CLANG_WARN_INFINITE_RECURSION = YES;
				CLANG_WARN_INT_CONVERSION = YES;
				CLANG_WARN_NON_LITERAL_NULL_CONVERSION = YES;
				CLANG_WARN_OBJC_IMPLICIT_RETAIN_SELF = YES;
				CLANG_WARN_OBJC_LITERAL_CONVERSION = YES;
				CLANG_WARN_OBJC_ROOT_CLASS = YES_ERROR;
				CLANG_WARN_RANGE_LOOP_ANALYSIS = YES;
				CLANG_WARN_STRICT_PROTOTYPES = YES;
				CLANG_WARN_SUSPICIOUS_MOVE = YES;
				CLANG_WARN_UNGUARDED_AVAILABILITY = YES_AGGRESSIVE;
				CLANG_WARN_UNREACHABLE_CODE = YES;
				CLANG_WARN__DUPLICATE_METHOD_MATCH = YES;
				CODE_SIGN_IDENTITY = "iPhone Developer";
				COPY_PHASE_STRIP = NO;
				DEBUG_INFORMATION_FORMAT = dwarf;
				ENABLE_STRICT_OBJC_MSGSEND = YES;
				ENABLE_TESTABILITY = YES;
				GCC_C_LANGUAGE_STANDARD = gnu11;
				GCC_DYNAMIC_NO_PIC = NO;
				GCC_NO_COMMON_BLOCKS = YES;
				GCC_OPTIMIZATION_LEVEL = 0;
				GCC_PREPROCESSOR_DEFINITIONS = (
					"DEBUG=1",
					"$(inherited)",
				);
				GCC_WARN_64_TO_32_BIT_CONVERSION = YES;
				GCC_WARN_ABOUT_RETURN_TYPE = YES_ERROR;
				GCC_WARN_UNDECLARED_SELECTOR = YES;
				GCC_WARN_UNINITIALIZED_AUTOS = YES_AGGRESSIVE;
				GCC_WARN_UNUSED_FUNCTION = YES;
				GCC_WARN_UNUSED_VARIABLE = YES;
				IPHONEOS_DEPLOYMENT_TARGET = 11.4;
				MTL_ENABLE_DEBUG_INFO = YES;
				ONLY_ACTIVE_ARCH = YES;
				SDKROOT = iphoneos;
				SWIFT_ACTIVE_COMPILATION_CONDITIONS = DEBUG;
				SWIFT_OPTIMIZATION_LEVEL = "-Onone";
			};
			name = Debug;
		};
		9DFD41FC20FC9D0E0018F121 /* Release */ = {
			isa = XCBuildConfiguration;
			buildSettings = {
				ALWAYS_SEARCH_USER_PATHS = NO;
				CLANG_ANALYZER_NONNULL = YES;
				CLANG_ANALYZER_NUMBER_OBJECT_CONVERSION = YES_AGGRESSIVE;
				CLANG_CXX_LANGUAGE_STANDARD = "gnu++14";
				CLANG_CXX_LIBRARY = "libc++";
				CLANG_ENABLE_MODULES = YES;
				CLANG_ENABLE_OBJC_ARC = YES;
				CLANG_ENABLE_OBJC_WEAK = YES;
				CLANG_WARN_BLOCK_CAPTURE_AUTORELEASING = YES;
				CLANG_WARN_BOOL_CONVERSION = YES;
				CLANG_WARN_COMMA = YES;
				CLANG_WARN_CONSTANT_CONVERSION = YES;
				CLANG_WARN_DEPRECATED_OBJC_IMPLEMENTATIONS = YES;
				CLANG_WARN_DIRECT_OBJC_ISA_USAGE = YES_ERROR;
				CLANG_WARN_DOCUMENTATION_COMMENTS = YES;
				CLANG_WARN_EMPTY_BODY = YES;
				CLANG_WARN_ENUM_CONVERSION = YES;
				CLANG_WARN_INFINITE_RECURSION = YES;
				CLANG_WARN_INT_CONVERSION = YES;
				CLANG_WARN_NON_LITERAL_NULL_CONVERSION = YES;
				CLANG_WARN_OBJC_IMPLICIT_RETAIN_SELF = YES;
				CLANG_WARN_OBJC_LITERAL_CONVERSION = YES;
				CLANG_WARN_OBJC_ROOT_CLASS = YES_ERROR;
				CLANG_WARN_RANGE_LOOP_ANALYSIS = YES;
				CLANG_WARN_STRICT_PROTOTYPES = YES;
				CLANG_WARN_SUSPICIOUS_MOVE = YES;
				CLANG_WARN_UNGUARDED_AVAILABILITY = YES_AGGRESSIVE;
				CLANG_WARN_UNREACHABLE_CODE = YES;
				CLANG_WARN__DUPLICATE_METHOD_MATCH = YES;
				CODE_SIGN_IDENTITY = "iPhone Developer";
				COPY_PHASE_STRIP = NO;
				DEBUG_INFORMATION_FORMAT = "dwarf-with-dsym";
				ENABLE_NS_ASSERTIONS = NO;
				ENABLE_STRICT_OBJC_MSGSEND = YES;
				GCC_C_LANGUAGE_STANDARD = gnu11;
				GCC_NO_COMMON_BLOCKS = YES;
				GCC_WARN_64_TO_32_BIT_CONVERSION = YES;
				GCC_WARN_ABOUT_RETURN_TYPE = YES_ERROR;
				GCC_WARN_UNDECLARED_SELECTOR = YES;
				GCC_WARN_UNINITIALIZED_AUTOS = YES_AGGRESSIVE;
				GCC_WARN_UNUSED_FUNCTION = YES;
				GCC_WARN_UNUSED_VARIABLE = YES;
				IPHONEOS_DEPLOYMENT_TARGET = 11.4;
				MTL_ENABLE_DEBUG_INFO = NO;
				SDKROOT = iphoneos;
				SWIFT_COMPILATION_MODE = wholemodule;
				SWIFT_OPTIMIZATION_LEVEL = "-O";
				VALIDATE_PRODUCT = YES;
			};
			name = Release;
		};
		9DFD41FE20FC9D0E0018F121 /* Debug */ = {
			isa = XCBuildConfiguration;
			buildSettings = {
				ASSETCATALOG_COMPILER_APPICON_NAME = AppIcon;
				CODE_SIGN_STYLE = Automatic;
				DEVELOPMENT_TEAM = V7R356DGKL;
				INFOPLIST_FILE = try_capture_sessions/Info.plist;
				LD_RUNPATH_SEARCH_PATHS = (
					"$(inherited)",
					"@executable_path/Frameworks",
				);
				PRODUCT_BUNDLE_IDENTIFIER = "rudifa.try-capture-sessions";
				PRODUCT_NAME = "$(TARGET_NAME)";
				SWIFT_VERSION = 4.0;
				TARGETED_DEVICE_FAMILY = "1,2";
			};
			name = Debug;
		};
		9DFD41FF20FC9D0E0018F121 /* Release */ = {
			isa = XCBuildConfiguration;
			buildSettings = {
				ASSETCATALOG_COMPILER_APPICON_NAME = AppIcon;
				CODE_SIGN_STYLE = Automatic;
				DEVELOPMENT_TEAM = V7R356DGKL;
				INFOPLIST_FILE = try_capture_sessions/Info.plist;
				LD_RUNPATH_SEARCH_PATHS = (
					"$(inherited)",
					"@executable_path/Frameworks",
				);
				PRODUCT_BUNDLE_IDENTIFIER = "rudifa.try-capture-sessions";
				PRODUCT_NAME = "$(TARGET_NAME)";
				SWIFT_VERSION = 4.0;
				TARGETED_DEVICE_FAMILY = "1,2";
			};
			name = Release;
		};
/* End XCBuildConfiguration section */

/* Begin XCConfigurationList section */
		9DFD41E620FC9D0D0018F121 /* Build configuration list for PBXProject "try_capture_sessions" */ = {
			isa = XCConfigurationList;
			buildConfigurations = (
				9DFD41FB20FC9D0E0018F121 /* Debug */,
				9DFD41FC20FC9D0E0018F121 /* Release */,
			);
			defaultConfigurationIsVisible = 0;
			defaultConfigurationName = Release;
		};
		9DFD41FD20FC9D0E0018F121 /* Build configuration list for PBXNativeTarget "try_capture_sessions" */ = {
			isa = XCConfigurationList;
			buildConfigurations = (
				9DFD41FE20FC9D0E0018F121 /* Debug */,
				9DFD41FF20FC9D0E0018F121 /* Release */,
			);
			defaultConfigurationIsVisible = 0;
			defaultConfigurationName = Release;
		};
/* End XCConfigurationList section */
	};
	rootObject = 9DFD41E320FC9D0D0018F121 /* Project object */;
}
